// !$*UTF8*$!
{
	archiveVersion = 1;
	classes = {
	};
	objectVersion = 56;
	objects = {

/* Begin PBXBuildFile section */
		173FCFCA2BC920B400C6451D /* TestImageFromTheInternet.swift in Sources */ = {isa = PBXBuildFile; fileRef = 173FCFC92BC920B400C6451D /* TestImageFromTheInternet.swift */; };
		173FCFCD2BDCD6C300C6451D /* TopBarMenuView.swift in Sources */ = {isa = PBXBuildFile; fileRef = 173FCFCC2BDCD6C300C6451D /* TopBarMenuView.swift */; };
		1768E5F22BA97A8C00D7569D /* ApiClient.swift in Sources */ = {isa = PBXBuildFile; fileRef = 1768E5F12BA97A8C00D7569D /* ApiClient.swift */; };
		1768E5F52BA97E3400D7569D /* PairKeywords.swift in Sources */ = {isa = PBXBuildFile; fileRef = 1768E5F42BA97E3400D7569D /* PairKeywords.swift */; };
		1768E5F82BA9858E00D7569D /* PairKeywordsView.swift in Sources */ = {isa = PBXBuildFile; fileRef = 1768E5F72BA9858E00D7569D /* PairKeywordsView.swift */; };
		1768E5FD2BAAC13700D7569D /* PairKeywordVM.swift in Sources */ = {isa = PBXBuildFile; fileRef = 1768E5FC2BAAC13700D7569D /* PairKeywordVM.swift */; };
		17B58C2A2B70CBFF0067A992 /* MovieHarmonyApp.swift in Sources */ = {isa = PBXBuildFile; fileRef = 17B58C292B70CBFF0067A992 /* MovieHarmonyApp.swift */; };
		17B58C2C2B70CBFF0067A992 /* ContentView.swift in Sources */ = {isa = PBXBuildFile; fileRef = 17B58C2B2B70CBFF0067A992 /* ContentView.swift */; };
		17B58C2E2B70CC030067A992 /* Assets.xcassets in Resources */ = {isa = PBXBuildFile; fileRef = 17B58C2D2B70CC030067A992 /* Assets.xcassets */; };
		17B58C312B70CC030067A992 /* Preview Assets.xcassets in Resources */ = {isa = PBXBuildFile; fileRef = 17B58C302B70CC030067A992 /* Preview Assets.xcassets */; };
		17E9C9E62BB6F1C00080359F /* QuestionAnswersView.swift in Sources */ = {isa = PBXBuildFile; fileRef = 17E9C9E52BB6F1C00080359F /* QuestionAnswersView.swift */; };
		17E9C9E82BB6F6160080359F /* Model.swift in Sources */ = {isa = PBXBuildFile; fileRef = 17E9C9E72BB6F6160080359F /* Model.swift */; };
		17E9C9EA2BB6F9B70080359F /* QuestionAnswers.swift in Sources */ = {isa = PBXBuildFile; fileRef = 17E9C9E92BB6F9B70080359F /* QuestionAnswers.swift */; };
		17E9C9EC2BB6FB560080359F /* QuestionAnswersVM.swift in Sources */ = {isa = PBXBuildFile; fileRef = 17E9C9EB2BB6FB560080359F /* QuestionAnswersVM.swift */; };
		17E9C9F02BBD357C0080359F /* PostersView.swift in Sources */ = {isa = PBXBuildFile; fileRef = 17E9C9EF2BBD357C0080359F /* PostersView.swift */; };
		17E9C9F22BBD36860080359F /* CardView.swift in Sources */ = {isa = PBXBuildFile; fileRef = 17E9C9F12BBD36860080359F /* CardView.swift */; };
		17E9C9F52BBD440F0080359F /* Posters.swift in Sources */ = {isa = PBXBuildFile; fileRef = 17E9C9F42BBD440F0080359F /* Posters.swift */; };
		17E9C9F72BBD441A0080359F /* PostersVM.swift in Sources */ = {isa = PBXBuildFile; fileRef = 17E9C9F62BBD441A0080359F /* PostersVM.swift */; };
		17E9C9F92BC010290080359F /* EnumDrahState.swift in Sources */ = {isa = PBXBuildFile; fileRef = 17E9C9F82BC010290080359F /* EnumDrahState.swift */; };
		17E9C9FB2BC0105E0080359F /* TopBarMenu.swift in Sources */ = {isa = PBXBuildFile; fileRef = 17E9C9FA2BC0105E0080359F /* TopBarMenu.swift */; };
		17E9C9FD2BC010920080359F /* BottomBarMenu.swift in Sources */ = {isa = PBXBuildFile; fileRef = 17E9C9FC2BC010920080359F /* BottomBarMenu.swift */; };
		17E9C9FF2BC3CEA70080359F /* KeywordWithAnswer.swift in Sources */ = {isa = PBXBuildFile; fileRef = 17E9C9FE2BC3CEA70080359F /* KeywordWithAnswer.swift */; };
		17E9CA012BC514430080359F /* FilmSimilarityResult.swift in Sources */ = {isa = PBXBuildFile; fileRef = 17E9CA002BC514430080359F /* FilmSimilarityResult.swift */; };
/* End PBXBuildFile section */

/* Begin PBXFileReference section */
		173FCFC92BC920B400C6451D /* TestImageFromTheInternet.swift */ = {isa = PBXFileReference; lastKnownFileType = sourcecode.swift; path = TestImageFromTheInternet.swift; sourceTree = "<group>"; };
		173FCFCC2BDCD6C300C6451D /* TopBarMenuView.swift */ = {isa = PBXFileReference; lastKnownFileType = sourcecode.swift; path = TopBarMenuView.swift; sourceTree = "<group>"; };
		1768E5F12BA97A8C00D7569D /* ApiClient.swift */ = {isa = PBXFileReference; lastKnownFileType = sourcecode.swift; path = ApiClient.swift; sourceTree = "<group>"; };
		1768E5F42BA97E3400D7569D /* PairKeywords.swift */ = {isa = PBXFileReference; lastKnownFileType = sourcecode.swift; path = PairKeywords.swift; sourceTree = "<group>"; };
		1768E5F72BA9858E00D7569D /* PairKeywordsView.swift */ = {isa = PBXFileReference; lastKnownFileType = sourcecode.swift; path = PairKeywordsView.swift; sourceTree = "<group>"; };
		1768E5FC2BAAC13700D7569D /* PairKeywordVM.swift */ = {isa = PBXFileReference; lastKnownFileType = sourcecode.swift; path = PairKeywordVM.swift; sourceTree = "<group>"; };
		17B58C262B70CBFF0067A992 /* MovieHarmony.app */ = {isa = PBXFileReference; explicitFileType = wrapper.application; includeInIndex = 0; path = MovieHarmony.app; sourceTree = BUILT_PRODUCTS_DIR; };
		17B58C292B70CBFF0067A992 /* MovieHarmonyApp.swift */ = {isa = PBXFileReference; lastKnownFileType = sourcecode.swift; path = MovieHarmonyApp.swift; sourceTree = "<group>"; };
		17B58C2B2B70CBFF0067A992 /* ContentView.swift */ = {isa = PBXFileReference; lastKnownFileType = sourcecode.swift; path = ContentView.swift; sourceTree = "<group>"; };
		17B58C2D2B70CC030067A992 /* Assets.xcassets */ = {isa = PBXFileReference; lastKnownFileType = folder.assetcatalog; path = Assets.xcassets; sourceTree = "<group>"; };
		17B58C302B70CC030067A992 /* Preview Assets.xcassets */ = {isa = PBXFileReference; lastKnownFileType = folder.assetcatalog; path = "Preview Assets.xcassets"; sourceTree = "<group>"; };
		17E9C9E02BAD8E2A0080359F /* Info.plist */ = {isa = PBXFileReference; lastKnownFileType = text.plist; path = Info.plist; sourceTree = "<group>"; };
		17E9C9E52BB6F1C00080359F /* QuestionAnswersView.swift */ = {isa = PBXFileReference; lastKnownFileType = sourcecode.swift; path = QuestionAnswersView.swift; sourceTree = "<group>"; };
		17E9C9E72BB6F6160080359F /* Model.swift */ = {isa = PBXFileReference; lastKnownFileType = sourcecode.swift; path = Model.swift; sourceTree = "<group>"; };
		17E9C9E92BB6F9B70080359F /* QuestionAnswers.swift */ = {isa = PBXFileReference; lastKnownFileType = sourcecode.swift; path = QuestionAnswers.swift; sourceTree = "<group>"; };
		17E9C9EB2BB6FB560080359F /* QuestionAnswersVM.swift */ = {isa = PBXFileReference; lastKnownFileType = sourcecode.swift; path = QuestionAnswersVM.swift; sourceTree = "<group>"; };
		17E9C9EF2BBD357C0080359F /* PostersView.swift */ = {isa = PBXFileReference; lastKnownFileType = sourcecode.swift; path = PostersView.swift; sourceTree = "<group>"; };
		17E9C9F12BBD36860080359F /* CardView.swift */ = {isa = PBXFileReference; lastKnownFileType = sourcecode.swift; path = CardView.swift; sourceTree = "<group>"; };
		17E9C9F42BBD440F0080359F /* Posters.swift */ = {isa = PBXFileReference; lastKnownFileType = sourcecode.swift; path = Posters.swift; sourceTree = "<group>"; };
		17E9C9F62BBD441A0080359F /* PostersVM.swift */ = {isa = PBXFileReference; lastKnownFileType = sourcecode.swift; path = PostersVM.swift; sourceTree = "<group>"; };
		17E9C9F82BC010290080359F /* EnumDrahState.swift */ = {isa = PBXFileReference; lastKnownFileType = sourcecode.swift; path = EnumDrahState.swift; sourceTree = "<group>"; };
		17E9C9FA2BC0105E0080359F /* TopBarMenu.swift */ = {isa = PBXFileReference; lastKnownFileType = sourcecode.swift; path = TopBarMenu.swift; sourceTree = "<group>"; };
		17E9C9FC2BC010920080359F /* BottomBarMenu.swift */ = {isa = PBXFileReference; lastKnownFileType = sourcecode.swift; path = BottomBarMenu.swift; sourceTree = "<group>"; };
		17E9C9FE2BC3CEA70080359F /* KeywordWithAnswer.swift */ = {isa = PBXFileReference; lastKnownFileType = sourcecode.swift; path = KeywordWithAnswer.swift; sourceTree = "<group>"; };
		17E9CA002BC514430080359F /* FilmSimilarityResult.swift */ = {isa = PBXFileReference; lastKnownFileType = sourcecode.swift; path = FilmSimilarityResult.swift; sourceTree = "<group>"; };
/* End PBXFileReference section */

/* Begin PBXFrameworksBuildPhase section */
		17B58C232B70CBFF0067A992 /* Frameworks */ = {
			isa = PBXFrameworksBuildPhase;
			buildActionMask = 2147483647;
			files = (
			);
			runOnlyForDeploymentPostprocessing = 0;
		};
/* End PBXFrameworksBuildPhase section */

/* Begin PBXGroup section */
		173FCFC82BC9209B00C6451D /* TestImageFromTheInternet */ = {
			isa = PBXGroup;
			children = (
				173FCFC92BC920B400C6451D /* TestImageFromTheInternet.swift */,
			);
			path = TestImageFromTheInternet;
			sourceTree = "<group>";
		};
		173FCFCB2BDCD69300C6451D /* CommonView */ = {
			isa = PBXGroup;
			children = (
				173FCFCC2BDCD6C300C6451D /* TopBarMenuView.swift */,
			);
			path = CommonView;
			sourceTree = "<group>";
		};
		1768E5F02BA97A7600D7569D /* Network */ = {
			isa = PBXGroup;
			children = (
				1768E5F12BA97A8C00D7569D /* ApiClient.swift */,
			);
			path = Network;
			sourceTree = "<group>";
		};
		1768E5F32BA97E0900D7569D /* PairKeywordsManager */ = {
			isa = PBXGroup;
			children = (
				1768E5F42BA97E3400D7569D /* PairKeywords.swift */,
				1768E5FC2BAAC13700D7569D /* PairKeywordVM.swift */,
			);
			path = PairKeywordsManager;
			sourceTree = "<group>";
		};
		1768E5F62BA9855500D7569D /* PairKeywordsView */ = {
			isa = PBXGroup;
			children = (
				1768E5F72BA9858E00D7569D /* PairKeywordsView.swift */,
			);
			path = PairKeywordsView;
			sourceTree = "<group>";
		};
		1768E5F92BAABF8C00D7569D /* EnumForScreens */ = {
			isa = PBXGroup;
			children = (
				17E9C9E72BB6F6160080359F /* Model.swift */,
			);
			path = EnumForScreens;
			sourceTree = "<group>";
		};
		17B58C1D2B70CBFF0067A992 = {
			isa = PBXGroup;
			children = (
				17B58C282B70CBFF0067A992 /* MovieHarmony */,
				17B58C272B70CBFF0067A992 /* Products */,
			);
			sourceTree = "<group>";
		};
		17B58C272B70CBFF0067A992 /* Products */ = {
			isa = PBXGroup;
			children = (
				17B58C262B70CBFF0067A992 /* MovieHarmony.app */,
			);
			name = Products;
			sourceTree = "<group>";
		};
		17B58C282B70CBFF0067A992 /* MovieHarmony */ = {
			isa = PBXGroup;
			children = (
				173FCFCB2BDCD69300C6451D /* CommonView */,
				173FCFC82BC9209B00C6451D /* TestImageFromTheInternet */,
				17E9C9E02BAD8E2A0080359F /* Info.plist */,
				17E9C9ED2BBD354E0080359F /* Posters */,
				17E9C9E22BB6F1650080359F /* QuestionAnswers */,
				17E9C9E12BB6F1340080359F /* PairKeywords */,
				1768E5F92BAABF8C00D7569D /* EnumForScreens */,
				1768E5F02BA97A7600D7569D /* Network */,
				17B58C292B70CBFF0067A992 /* MovieHarmonyApp.swift */,
				17B58C2B2B70CBFF0067A992 /* ContentView.swift */,
				17B58C2D2B70CC030067A992 /* Assets.xcassets */,
				17B58C2F2B70CC030067A992 /* Preview Content */,
			);
			path = MovieHarmony;
			sourceTree = "<group>";
		};
		17B58C2F2B70CC030067A992 /* Preview Content */ = {
			isa = PBXGroup;
			children = (
				17B58C302B70CC030067A992 /* Preview Assets.xcassets */,
			);
			path = "Preview Content";
			sourceTree = "<group>";
		};
		17E9C9E12BB6F1340080359F /* PairKeywords */ = {
			isa = PBXGroup;
			children = (
				1768E5F32BA97E0900D7569D /* PairKeywordsManager */,
				1768E5F62BA9855500D7569D /* PairKeywordsView */,
			);
			path = PairKeywords;
			sourceTree = "<group>";
		};
		17E9C9E22BB6F1650080359F /* QuestionAnswers */ = {
			isa = PBXGroup;
			children = (
				17E9C9E42BB6F1930080359F /* QuestionAnswersManager */,
				17E9C9E32BB6F17E0080359F /* QuestionAnswersView */,
			);
			path = QuestionAnswers;
			sourceTree = "<group>";
		};
		17E9C9E32BB6F17E0080359F /* QuestionAnswersView */ = {
			isa = PBXGroup;
			children = (
				17E9C9E52BB6F1C00080359F /* QuestionAnswersView.swift */,
			);
			path = QuestionAnswersView;
			sourceTree = "<group>";
		};
		17E9C9E42BB6F1930080359F /* QuestionAnswersManager */ = {
			isa = PBXGroup;
			children = (
				17E9C9FE2BC3CEA70080359F /* KeywordWithAnswer.swift */,
				17E9C9E92BB6F9B70080359F /* QuestionAnswers.swift */,
				17E9C9EB2BB6FB560080359F /* QuestionAnswersVM.swift */,
			);
			path = QuestionAnswersManager;
			sourceTree = "<group>";
		};
		17E9C9ED2BBD354E0080359F /* Posters */ = {
			isa = PBXGroup;
			children = (
				17E9C9F32BBD43F20080359F /* PostersManager */,
				17E9C9EE2BBD35620080359F /* PostersView */,
			);
			path = Posters;
			sourceTree = "<group>";
		};
		17E9C9EE2BBD35620080359F /* PostersView */ = {
			isa = PBXGroup;
			children = (
				17E9C9EF2BBD357C0080359F /* PostersView.swift */,
				17E9C9F12BBD36860080359F /* CardView.swift */,
				17E9C9FA2BC0105E0080359F /* TopBarMenu.swift */,
				17E9C9FC2BC010920080359F /* BottomBarMenu.swift */,
			);
			path = PostersView;
			sourceTree = "<group>";
		};
		17E9C9F32BBD43F20080359F /* PostersManager */ = {
			isa = PBXGroup;
			children = (
				17E9C9F42BBD440F0080359F /* Posters.swift */,
				17E9C9F62BBD441A0080359F /* PostersVM.swift */,
				17E9C9F82BC010290080359F /* EnumDrahState.swift */,
				17E9CA002BC514430080359F /* FilmSimilarityResult.swift */,
			);
			path = PostersManager;
			sourceTree = "<group>";
		};
/* End PBXGroup section */

/* Begin PBXNativeTarget section */
		17B58C252B70CBFF0067A992 /* MovieHarmony */ = {
			isa = PBXNativeTarget;
			buildConfigurationList = 17B58C342B70CC030067A992 /* Build configuration list for PBXNativeTarget "MovieHarmony" */;
			buildPhases = (
				17B58C222B70CBFF0067A992 /* Sources */,
				17B58C232B70CBFF0067A992 /* Frameworks */,
				17B58C242B70CBFF0067A992 /* Resources */,
			);
			buildRules = (
			);
			dependencies = (
			);
			name = MovieHarmony;
			productName = MovieHarmony;
			productReference = 17B58C262B70CBFF0067A992 /* MovieHarmony.app */;
			productType = "com.apple.product-type.application";
		};
/* End PBXNativeTarget section */

/* Begin PBXProject section */
		17B58C1E2B70CBFF0067A992 /* Project object */ = {
			isa = PBXProject;
			attributes = {
				BuildIndependentTargetsInParallel = 1;
				LastSwiftUpdateCheck = 1430;
				LastUpgradeCheck = 1530;
				TargetAttributes = {
					17B58C252B70CBFF0067A992 = {
						CreatedOnToolsVersion = 14.3;
					};
				};
			};
			buildConfigurationList = 17B58C212B70CBFF0067A992 /* Build configuration list for PBXProject "MovieHarmony" */;
			compatibilityVersion = "Xcode 14.0";
			developmentRegion = en;
			hasScannedForEncodings = 0;
			knownRegions = (
				en,
				Base,
			);
			mainGroup = 17B58C1D2B70CBFF0067A992;
			productRefGroup = 17B58C272B70CBFF0067A992 /* Products */;
			projectDirPath = "";
			projectRoot = "";
			targets = (
				17B58C252B70CBFF0067A992 /* MovieHarmony */,
			);
		};
/* End PBXProject section */

/* Begin PBXResourcesBuildPhase section */
		17B58C242B70CBFF0067A992 /* Resources */ = {
			isa = PBXResourcesBuildPhase;
			buildActionMask = 2147483647;
			files = (
				17B58C312B70CC030067A992 /* Preview Assets.xcassets in Resources */,
				17B58C2E2B70CC030067A992 /* Assets.xcassets in Resources */,
			);
			runOnlyForDeploymentPostprocessing = 0;
		};
/* End PBXResourcesBuildPhase section */

/* Begin PBXSourcesBuildPhase section */
		17B58C222B70CBFF0067A992 /* Sources */ = {
			isa = PBXSourcesBuildPhase;
			buildActionMask = 2147483647;
			files = (
				17E9C9E82BB6F6160080359F /* Model.swift in Sources */,
				17B58C2C2B70CBFF0067A992 /* ContentView.swift in Sources */,
				17E9C9EA2BB6F9B70080359F /* QuestionAnswers.swift in Sources */,
				1768E5F82BA9858E00D7569D /* PairKeywordsView.swift in Sources */,
				17E9C9EC2BB6FB560080359F /* QuestionAnswersVM.swift in Sources */,
				17E9C9E62BB6F1C00080359F /* QuestionAnswersView.swift in Sources */,
				1768E5F52BA97E3400D7569D /* PairKeywords.swift in Sources */,
				17E9C9F52BBD440F0080359F /* Posters.swift in Sources */,
				173FCFCD2BDCD6C300C6451D /* TopBarMenuView.swift in Sources */,
				17E9C9FD2BC010920080359F /* BottomBarMenu.swift in Sources */,
				17E9C9FF2BC3CEA70080359F /* KeywordWithAnswer.swift in Sources */,
				173FCFCA2BC920B400C6451D /* TestImageFromTheInternet.swift in Sources */,
				17E9C9FB2BC0105E0080359F /* TopBarMenu.swift in Sources */,
				17E9C9F92BC010290080359F /* EnumDrahState.swift in Sources */,
				17B58C2A2B70CBFF0067A992 /* MovieHarmonyApp.swift in Sources */,
				17E9CA012BC514430080359F /* FilmSimilarityResult.swift in Sources */,
				17E9C9F02BBD357C0080359F /* PostersView.swift in Sources */,
				1768E5FD2BAAC13700D7569D /* PairKeywordVM.swift in Sources */,
				17E9C9F22BBD36860080359F /* CardView.swift in Sources */,
				1768E5F22BA97A8C00D7569D /* ApiClient.swift in Sources */,
				17E9C9F72BBD441A0080359F /* PostersVM.swift in Sources */,
			);
			runOnlyForDeploymentPostprocessing = 0;
		};
/* End PBXSourcesBuildPhase section */

/* Begin XCBuildConfiguration section */
		17B58C322B70CC030067A992 /* Debug */ = {
			isa = XCBuildConfiguration;
			buildSettings = {
				ALWAYS_SEARCH_USER_PATHS = NO;
				ASSETCATALOG_COMPILER_GENERATE_SWIFT_ASSET_SYMBOL_EXTENSIONS = YES;
				CLANG_ANALYZER_NONNULL = YES;
				CLANG_ANALYZER_NUMBER_OBJECT_CONVERSION = YES_AGGRESSIVE;
				CLANG_CXX_LANGUAGE_STANDARD = "gnu++20";
				CLANG_ENABLE_MODULES = YES;
				CLANG_ENABLE_OBJC_ARC = YES;
				CLANG_ENABLE_OBJC_WEAK = YES;
				CLANG_WARN_BLOCK_CAPTURE_AUTORELEASING = YES;
				CLANG_WARN_BOOL_CONVERSION = YES;
				CLANG_WARN_COMMA = YES;
				CLANG_WARN_CONSTANT_CONVERSION = YES;
				CLANG_WARN_DEPRECATED_OBJC_IMPLEMENTATIONS = YES;
				CLANG_WARN_DIRECT_OBJC_ISA_USAGE = YES_ERROR;
				CLANG_WARN_DOCUMENTATION_COMMENTS = YES;
				CLANG_WARN_EMPTY_BODY = YES;
				CLANG_WARN_ENUM_CONVERSION = YES;
				CLANG_WARN_INFINITE_RECURSION = YES;
				CLANG_WARN_INT_CONVERSION = YES;
				CLANG_WARN_NON_LITERAL_NULL_CONVERSION = YES;
				CLANG_WARN_OBJC_IMPLICIT_RETAIN_SELF = YES;
				CLANG_WARN_OBJC_LITERAL_CONVERSION = YES;
				CLANG_WARN_OBJC_ROOT_CLASS = YES_ERROR;
				CLANG_WARN_QUOTED_INCLUDE_IN_FRAMEWORK_HEADER = YES;
				CLANG_WARN_RANGE_LOOP_ANALYSIS = YES;
				CLANG_WARN_STRICT_PROTOTYPES = YES;
				CLANG_WARN_SUSPICIOUS_MOVE = YES;
				CLANG_WARN_UNGUARDED_AVAILABILITY = YES_AGGRESSIVE;
				CLANG_WARN_UNREACHABLE_CODE = YES;
				CLANG_WARN__DUPLICATE_METHOD_MATCH = YES;
				COPY_PHASE_STRIP = NO;
				DEBUG_INFORMATION_FORMAT = dwarf;
				ENABLE_STRICT_OBJC_MSGSEND = YES;
				ENABLE_TESTABILITY = YES;
				ENABLE_USER_SCRIPT_SANDBOXING = YES;
				GCC_C_LANGUAGE_STANDARD = gnu11;
				GCC_DYNAMIC_NO_PIC = NO;
				GCC_NO_COMMON_BLOCKS = YES;
				GCC_OPTIMIZATION_LEVEL = 0;
				GCC_PREPROCESSOR_DEFINITIONS = (
					"DEBUG=1",
					"$(inherited)",
				);
				GCC_WARN_64_TO_32_BIT_CONVERSION = YES;
				GCC_WARN_ABOUT_RETURN_TYPE = YES_ERROR;
				GCC_WARN_UNDECLARED_SELECTOR = YES;
				GCC_WARN_UNINITIALIZED_AUTOS = YES_AGGRESSIVE;
				GCC_WARN_UNUSED_FUNCTION = YES;
				GCC_WARN_UNUSED_VARIABLE = YES;
				IPHONEOS_DEPLOYMENT_TARGET = 16.4;
				MTL_ENABLE_DEBUG_INFO = INCLUDE_SOURCE;
				MTL_FAST_MATH = YES;
				ONLY_ACTIVE_ARCH = YES;
				SDKROOT = iphoneos;
				SWIFT_ACTIVE_COMPILATION_CONDITIONS = DEBUG;
				SWIFT_OPTIMIZATION_LEVEL = "-Onone";
			};
			name = Debug;
		};
		17B58C332B70CC030067A992 /* Release */ = {
			isa = XCBuildConfiguration;
			buildSettings = {
				ALWAYS_SEARCH_USER_PATHS = NO;
				ASSETCATALOG_COMPILER_GENERATE_SWIFT_ASSET_SYMBOL_EXTENSIONS = YES;
				CLANG_ANALYZER_NONNULL = YES;
				CLANG_ANALYZER_NUMBER_OBJECT_CONVERSION = YES_AGGRESSIVE;
				CLANG_CXX_LANGUAGE_STANDARD = "gnu++20";
				CLANG_ENABLE_MODULES = YES;
				CLANG_ENABLE_OBJC_ARC = YES;
				CLANG_ENABLE_OBJC_WEAK = YES;
				CLANG_WARN_BLOCK_CAPTURE_AUTORELEASING = YES;
				CLANG_WARN_BOOL_CONVERSION = YES;
				CLANG_WARN_COMMA = YES;
				CLANG_WARN_CONSTANT_CONVERSION = YES;
				CLANG_WARN_DEPRECATED_OBJC_IMPLEMENTATIONS = YES;
				CLANG_WARN_DIRECT_OBJC_ISA_USAGE = YES_ERROR;
				CLANG_WARN_DOCUMENTATION_COMMENTS = YES;
				CLANG_WARN_EMPTY_BODY = YES;
				CLANG_WARN_ENUM_CONVERSION = YES;
				CLANG_WARN_INFINITE_RECURSION = YES;
				CLANG_WARN_INT_CONVERSION = YES;
				CLANG_WARN_NON_LITERAL_NULL_CONVERSION = YES;
				CLANG_WARN_OBJC_IMPLICIT_RETAIN_SELF = YES;
				CLANG_WARN_OBJC_LITERAL_CONVERSION = YES;
				CLANG_WARN_OBJC_ROOT_CLASS = YES_ERROR;
				CLANG_WARN_QUOTED_INCLUDE_IN_FRAMEWORK_HEADER = YES;
				CLANG_WARN_RANGE_LOOP_ANALYSIS = YES;
				CLANG_WARN_STRICT_PROTOTYPES = YES;
				CLANG_WARN_SUSPICIOUS_MOVE = YES;
				CLANG_WARN_UNGUARDED_AVAILABILITY = YES_AGGRESSIVE;
				CLANG_WARN_UNREACHABLE_CODE = YES;
				CLANG_WARN__DUPLICATE_METHOD_MATCH = YES;
				COPY_PHASE_STRIP = NO;
				DEBUG_INFORMATION_FORMAT = "dwarf-with-dsym";
				ENABLE_NS_ASSERTIONS = NO;
				ENABLE_STRICT_OBJC_MSGSEND = YES;
				ENABLE_USER_SCRIPT_SANDBOXING = YES;
				GCC_C_LANGUAGE_STANDARD = gnu11;
				GCC_NO_COMMON_BLOCKS = YES;
				GCC_WARN_64_TO_32_BIT_CONVERSION = YES;
				GCC_WARN_ABOUT_RETURN_TYPE = YES_ERROR;
				GCC_WARN_UNDECLARED_SELECTOR = YES;
				GCC_WARN_UNINITIALIZED_AUTOS = YES_AGGRESSIVE;
				GCC_WARN_UNUSED_FUNCTION = YES;
				GCC_WARN_UNUSED_VARIABLE = YES;
				IPHONEOS_DEPLOYMENT_TARGET = 16.4;
				MTL_ENABLE_DEBUG_INFO = NO;
				MTL_FAST_MATH = YES;
				SDKROOT = iphoneos;
				SWIFT_COMPILATION_MODE = wholemodule;
				SWIFT_OPTIMIZATION_LEVEL = "-O";
				VALIDATE_PRODUCT = YES;
			};
			name = Release;
		};
		17B58C352B70CC030067A992 /* Debug */ = {
			isa = XCBuildConfiguration;
			buildSettings = {
				ASSETCATALOG_COMPILER_APPICON_NAME = AppIcon;
				ASSETCATALOG_COMPILER_GLOBAL_ACCENT_COLOR_NAME = AccentColor;
				CODE_SIGN_STYLE = Automatic;
				CURRENT_PROJECT_VERSION = 1;
				DEVELOPMENT_ASSET_PATHS = "\"MovieHarmony/Preview Content\"";
				DEVELOPMENT_TEAM = J4QDA26SL4;
				ENABLE_PREVIEWS = YES;
				GENERATE_INFOPLIST_FILE = YES;
				INFOPLIST_FILE = MovieHarmony/Info.plist;
				INFOPLIST_KEY_UIApplicationSceneManifest_Generation = YES;
				INFOPLIST_KEY_UIApplicationSupportsIndirectInputEvents = YES;
				INFOPLIST_KEY_UILaunchScreen_Generation = YES;
				INFOPLIST_KEY_UISupportedInterfaceOrientations_iPad = "UIInterfaceOrientationPortrait UIInterfaceOrientationPortraitUpsideDown UIInterfaceOrientationLandscapeLeft UIInterfaceOrientationLandscapeRight";
				INFOPLIST_KEY_UISupportedInterfaceOrientations_iPhone = "UIInterfaceOrientationPortrait UIInterfaceOrientationLandscapeLeft UIInterfaceOrientationLandscapeRight";
				LD_RUNPATH_SEARCH_PATHS = (
					"$(inherited)",
					"@executable_path/Frameworks",
				);
				MARKETING_VERSION = 1.0;
				PRODUCT_BUNDLE_IDENTIFIER = "maxfrancuzov-gmail.com.MovieHarmony";
				PRODUCT_NAME = "$(TARGET_NAME)";
				SWIFT_EMIT_LOC_STRINGS = YES;
				SWIFT_VERSION = 5.0;
				TARGETED_DEVICE_FAMILY = "1,2";
			};
			name = Debug;
		};
		17B58C362B70CC030067A992 /* Release */ = {
			isa = XCBuildConfiguration;
			buildSettings = {
				ASSETCATALOG_COMPILER_APPICON_NAME = AppIcon;
				ASSETCATALOG_COMPILER_GLOBAL_ACCENT_COLOR_NAME = AccentColor;
				CODE_SIGN_STYLE = Automatic;
				CURRENT_PROJECT_VERSION = 1;
				DEVELOPMENT_ASSET_PATHS = "\"MovieHarmony/Preview Content\"";
				DEVELOPMENT_TEAM = J4QDA26SL4;
				ENABLE_PREVIEWS = YES;
				GENERATE_INFOPLIST_FILE = YES;
				INFOPLIST_FILE = MovieHarmony/Info.plist;
				INFOPLIST_KEY_UIApplicationSceneManifest_Generation = YES;
				INFOPLIST_KEY_UIApplicationSupportsIndirectInputEvents = YES;
				INFOPLIST_KEY_UILaunchScreen_Generation = YES;
				INFOPLIST_KEY_UISupportedInterfaceOrientations_iPad = "UIInterfaceOrientationPortrait UIInterfaceOrientationPortraitUpsideDown UIInterfaceOrientationLandscapeLeft UIInterfaceOrientationLandscapeRight";
				INFOPLIST_KEY_UISupportedInterfaceOrientations_iPhone = "UIInterfaceOrientationPortrait UIInterfaceOrientationLandscapeLeft UIInterfaceOrientationLandscapeRight";
				LD_RUNPATH_SEARCH_PATHS = (
					"$(inherited)",
					"@executable_path/Frameworks",
				);
				MARKETING_VERSION = 1.0;
				PRODUCT_BUNDLE_IDENTIFIER = "maxfrancuzov-gmail.com.MovieHarmony";
				PRODUCT_NAME = "$(TARGET_NAME)";
				SWIFT_EMIT_LOC_STRINGS = YES;
				SWIFT_VERSION = 5.0;
				TARGETED_DEVICE_FAMILY = "1,2";
			};
			name = Release;
		};
/* End XCBuildConfiguration section */

/* Begin XCConfigurationList section */
		17B58C212B70CBFF0067A992 /* Build configuration list for PBXProject "MovieHarmony" */ = {
			isa = XCConfigurationList;
			buildConfigurations = (
				17B58C322B70CC030067A992 /* Debug */,
				17B58C332B70CC030067A992 /* Release */,
			);
			defaultConfigurationIsVisible = 0;
			defaultConfigurationName = Release;
		};
		17B58C342B70CC030067A992 /* Build configuration list for PBXNativeTarget "MovieHarmony" */ = {
			isa = XCConfigurationList;
			buildConfigurations = (
				17B58C352B70CC030067A992 /* Debug */,
				17B58C362B70CC030067A992 /* Release */,
			);
			defaultConfigurationIsVisible = 0;
			defaultConfigurationName = Release;
		};
/* End XCConfigurationList section */
	};
	rootObject = 17B58C1E2B70CBFF0067A992 /* Project object */;
}
